lockfileVersion: '9.0'

settings:
  autoInstallPeers: true
  excludeLinksFromLockfile: false

importers:

  .:
    dependencies:
      '@heroui/card':
        specifier: ^2.2.15
        version: 2.2.15(@heroui/system@2.4.12(@heroui/theme@2.4.12(tailwindcss@4.0.17))(framer-motion@12.6.2(react-dom@19.1.0(react@19.1.0))(react@19.1.0))(react-dom@19.1.0(react@19.1.0))(react@19.1.0))(@heroui/theme@2.4.12(tailwindcss@4.0.17))(framer-motion@12.6.2(react-dom@19.1.0(react@19.1.0))(react@19.1.0))(react-dom@19.1.0(react@19.1.0))(react@19.1.0)
      '@heroui/input':
        specifier: ^2.4.16
        version: 2.4.16(@heroui/system@2.4.12(@heroui/theme@2.4.12(tailwindcss@4.0.17))(framer-motion@12.6.2(react-dom@19.1.0(react@19.1.0))(react@19.1.0))(react-dom@19.1.0(react@19.1.0))(react@19.1.0))(@heroui/theme@2.4.12(tailwindcss@4.0.17))(react-dom@19.1.0(react@19.1.0))(react@19.1.0)

packages:

  '@babel/runtime@7.27.0':
    resolution: {integrity: sha512-VtPOkrdPHZsKc/clNqyi9WUA8TINkZ4cGk63UUE3u4pmB2k+ZMQRDuIOagv8UVd6j7k0T3+RRIb7beKTebNbcw==}
    engines: {node: '>=6.9.0'}

  '@formatjs/ecma402-abstract@2.3.4':
    resolution: {integrity: sha512-qrycXDeaORzIqNhBOx0btnhpD1c+/qFIHAN9znofuMJX6QBwtbrmlpWfD4oiUUD2vJUOIYFA/gYtg2KAMGG7sA==}

  '@formatjs/fast-memoize@2.2.7':
    resolution: {integrity: sha512-Yabmi9nSvyOMrlSeGGWDiH7rf3a7sIwplbvo/dlz9WCIjzIQAfy1RMf4S0X3yG724n5Ghu2GmEl5NJIV6O9sZQ==}

  '@formatjs/icu-messageformat-parser@2.11.2':
    resolution: {integrity: sha512-AfiMi5NOSo2TQImsYAg8UYddsNJ/vUEv/HaNqiFjnI3ZFfWihUtD5QtuX6kHl8+H+d3qvnE/3HZrfzgdWpsLNA==}

  '@formatjs/icu-skeleton-parser@1.8.14':
    resolution: {integrity: sha512-i4q4V4qslThK4Ig8SxyD76cp3+QJ3sAqr7f6q9VVfeGtxG9OhiAk3y9XF6Q41OymsKzsGQ6OQQoJNY4/lI8TcQ==}

  '@formatjs/intl-localematcher@0.6.1':
    resolution: {integrity: sha512-ePEgLgVCqi2BBFnTMWPfIghu6FkbZnnBVhO2sSxvLfrdFw7wCHAHiDoM2h4NRgjbaY7+B7HgOLZGkK187pZTZg==}

  '@heroui/card@2.2.15':
    resolution: {integrity: sha512-WBW0FaPcjoRpsrLmS7A9i+/LTkC0jY6iEsG1QL7+RtEf/hHkVF9xO8HbsBlPZAEVIotWeZbmP0lbIJUFkYaGsA==}
    peerDependencies:
      '@heroui/system': '>=2.4.7'
      '@heroui/theme': '>=2.4.6'
      framer-motion: '>=11.5.6 || >=12.0.0-alpha.1'
      react: '>=18 || >=19.0.0-rc.0'
      react-dom: '>=18 || >=19.0.0-rc.0'

  '@heroui/dom-animation@2.1.6':
    resolution: {integrity: sha512-l4xh+y02lmoJVdLR0cjpsa7LjLIvVQCX+w+S2KW6tOoPKmHlyW/8r7h6SqPB4Ua1NZGmRHtlYmw+mw47yqyTjw==}
    peerDependencies:
      framer-motion: '>=11.5.6 || >=12.0.0-alpha.1'

  '@heroui/form@2.1.15':
    resolution: {integrity: sha512-dzI9goENLrO5nLovI1T5yJiCxewl3vmTxzqLrrVCMh6SvLKSPyOPAYLER6V36VJ2nJ4Hfm/EiwQyYNa4cmNTCA==}
    peerDependencies:
      '@heroui/system': '>=2.4.7'
      '@heroui/theme': '>=2.4.6'
      react: '>=18'
      react-dom: '>=18'

  '@heroui/input@2.4.16':
    resolution: {integrity: sha512-gSEalFg2usD7SjkevRyulvbJksecW/L9vqZWGHgcm6NpOlt5lGb/b6E2AEuhNFWbrN4pgUmfFUqqmZfFbc4M9Q==}
    peerDependencies:
      '@heroui/system': '>=2.4.10'
      '@heroui/theme': '>=2.4.9'
      react: '>=18 || >=19.0.0-rc.0'
      react-dom: '>=18 || >=19.0.0-rc.0'

  '@heroui/react-rsc-utils@2.1.6':
    resolution: {integrity: sha512-slBWi9g3HdnSNRhoedDhXFybaab5MveAeECzQoj4oJrIlmiezyeZWRKbWR8li2tiZtvBoEr0Xpu/A8hdni15dQ==}
    peerDependencies:
      react: '>=18 || >=19.0.0-rc.0'

  '@heroui/react-utils@2.1.8':
    resolution: {integrity: sha512-ET8sQaqfAWEviuZfatSYXBzyD0PpzuIK2YQkijla0TmF0sHJ3Yl4YQ6DYleWAaIJEWW1u0HgUPrdIjVGjWyKVg==}
    peerDependencies:
      react: '>=18 || >=19.0.0-rc.0'

  '@heroui/ripple@2.2.12':
    resolution: {integrity: sha512-5hKlJfl05rtp/ABhmsJ/qqQjh9TgzyvBdeuvWf0K3PJVIMSp+LJly86mwlEzHEbbBwAJvdq9jxd3+R54ZMaQRw==}
    peerDependencies:
      '@heroui/system': '>=2.4.7'
      '@heroui/theme': '>=2.4.6'
      framer-motion: '>=11.5.6 || >=12.0.0-alpha.1'
      react: '>=18 || >=19.0.0-rc.0'
      react-dom: '>=18 || >=19.0.0-rc.0'

  '@heroui/shared-icons@2.1.6':
    resolution: {integrity: sha512-4Gey+FJF4XBlMw5p9D2geOEAED8xCxuksurWKUz7eAoAivRRsZJf9wwUsKvNfrmboBUoytdxpUDbVgnckx/G8A==}
    peerDependencies:
      react: '>=18 || >=19.0.0-rc.0'

  '@heroui/shared-utils@2.1.7':
    resolution: {integrity: sha512-1nx7y41P+Bsca7nDC+QFajAoFhSRGvjKhdFeopMQNTvU95L42PD7B0ThjcOretvQD0Ye2TsAEQInwsSgZ6kK/g==}

  '@heroui/system-rsc@2.3.11':
    resolution: {integrity: sha512-727eu4FtQWtg6tJ1ZM0JKQayZNoU/4wkLhtncnKQEWr5XDgbBkNfzeXMc7wkREAMoSbCV5+7zEs/qqW5sIH/fw==}
    peerDependencies:
      '@heroui/theme': '>=2.4.6'
      react: '>=18 || >=19.0.0-rc.0'

  '@heroui/system@2.4.12':
    resolution: {integrity: sha512-MjLGJoPIa3co02PA8XEkqWgoxg3jjcyQV2OCINpMREysO0DOweX7voTE/UmSWOuXsPQULwE1pXdP9RLjtersyQ==}
    peerDependencies:
      framer-motion: '>=11.5.6 || >=12.0.0-alpha.1'
      react: '>=18 || >=19.0.0-rc.0'
      react-dom: '>=18 || >=19.0.0-rc.0'

  '@heroui/theme@2.4.12':
    resolution: {integrity: sha512-sm4DOBhJW88U9h0dfXwX3eA6w125jUi/OfFZtV1zUIyXBPF3c1Va23XO6XmGxDTCgBT4iBwpGBoyHbSYpAnaVg==}
    peerDependencies:
      tailwindcss: '>=3.4.0'

  '@heroui/use-aria-button@2.2.10':
    resolution: {integrity: sha512-HnE2ldvKruhzHgI4rR3blUGV8a4kEyGh2OUI7dPg7/QqIfze1tg/o7FMsPnBL6td2qMbEsb53AVv4jcRVa7Z/g==}
    peerDependencies:
      react: '>=18 || >=19.0.0-rc.0'

  '@heroui/use-safe-layout-effect@2.1.6':
    resolution: {integrity: sha512-yLT6zrlcZGJX4KKenzvR6lPS42Lf/Q0Q8ErpufLSkTdX4uk/ThGB/CRwdXfP+TPFLIfjXdsgCHgZr2ZAQJaG5Q==}
    peerDependencies:
      react: '>=18 || >=19.0.0-rc.0'

  '@internationalized/date@3.7.0':
    resolution: {integrity: sha512-VJ5WS3fcVx0bejE/YHfbDKR/yawZgKqn/if+oEeLqNwBtPzVB06olkfcnojTmEMX+gTpH+FlQ69SHNitJ8/erQ==}

  '@internationalized/message@3.1.6':
    resolution: {integrity: sha512-JxbK3iAcTIeNr1p0WIFg/wQJjIzJt9l/2KNY/48vXV7GRGZSv3zMxJsce008fZclk2cDC8y0Ig3odceHO7EfNQ==}

  '@internationalized/number@3.6.0':
    resolution: {integrity: sha512-PtrRcJVy7nw++wn4W2OuePQQfTqDzfusSuY1QTtui4wa7r+rGVtR75pO8CyKvHvzyQYi3Q1uO5sY0AsB4e65Bw==}

  '@internationalized/string@3.2.5':
    resolution: {integrity: sha512-rKs71Zvl2OKOHM+mzAFMIyqR5hI1d1O6BBkMK2/lkfg3fkmVh9Eeg0awcA8W2WqYqDOv6a86DIOlFpggwLtbuw==}

  '@react-aria/button@3.12.0':
    resolution: {integrity: sha512-obnK2vjQQdoOXMIPFy8PZSI8vET+LIeQeh3gjQfRcbtcVE6xT1drDARm6e36cunI2Up99e0yVBBWqqegNqKGQw==}
    peerDependencies:
      react: ^16.8.0 || ^17.0.0-rc.1 || ^18.0.0 || ^19.0.0-rc.1
      react-dom: ^16.8.0 || ^17.0.0-rc.1 || ^18.0.0 || ^19.0.0-rc.1

  '@react-aria/focus@3.20.0':
    resolution: {integrity: sha512-KXZCwWzwnmtUo6xhnyV26ptxlxmqd0Reez7axduqqqeDDgDZOVscoo/5gFg71fdPZmnDC8MyUK1vxSbMhOTrGg==}
    peerDependencies:
      react: ^16.8.0 || ^17.0.0-rc.1 || ^18.0.0 || ^19.0.0-rc.1
      react-dom: ^16.8.0 || ^17.0.0-rc.1 || ^18.0.0 || ^19.0.0-rc.1

  '@react-aria/focus@3.20.1':
    resolution: {integrity: sha512-lgYs+sQ1TtBrAXnAdRBQrBo0/7o5H6IrfDxec1j+VRpcXL0xyk0xPq+m3lZp8typzIghqDgpnKkJ5Jf4OrzPIw==}
    peerDependencies:
      react: ^16.8.0 || ^17.0.0-rc.1 || ^18.0.0 || ^19.0.0-rc.1
      react-dom: ^16.8.0 || ^17.0.0-rc.1 || ^18.0.0 || ^19.0.0-rc.1

  '@react-aria/form@3.0.14':
    resolution: {integrity: sha512-UYoqdGetKV+4lwGnJ22sWKywobOWYBcOetiBYTlrrnCI6e5j1Jk5iLkLvesCOoI7yfWIW9Ban5Qpze5MUrXUhQ==}
    peerDependencies:
      react: ^16.8.0 || ^17.0.0-rc.1 || ^18.0.0 || ^19.0.0-rc.1
      react-dom: ^16.8.0 || ^17.0.0-rc.1 || ^18.0.0 || ^19.0.0-rc.1

  '@react-aria/i18n@3.12.6':
    resolution: {integrity: sha512-I2Qz1vAlgdeW2GUMLhHucYhk514/BRuEzvH1iih8qeqvv0gEbKdSIjPJUomW+WzYVmJ2/bwKQAr7otr2fNcbrw==}
    peerDependencies:
      react: ^16.8.0 || ^17.0.0-rc.1 || ^18.0.0 || ^19.0.0-rc.1
      react-dom: ^16.8.0 || ^17.0.0-rc.1 || ^18.0.0 || ^19.0.0-rc.1

  '@react-aria/i18n@3.12.7':
    resolution: {integrity: sha512-eLbYO2xrpeOKIEmLv2KD5LFcB0wltFqS+pUjsOzkKZg6H3b6AFDmJPxr/a0x2KGHtpGJvuHwCSbpPi9PzSSQLg==}
    peerDependencies:
      react: ^16.8.0 || ^17.0.0-rc.1 || ^18.0.0 || ^19.0.0-rc.1
      react-dom: ^16.8.0 || ^17.0.0-rc.1 || ^18.0.0 || ^19.0.0-rc.1

  '@react-aria/interactions@3.24.0':
    resolution: {integrity: sha512-6Zdhp1pswyPgbwEWzvXARdKAWPjP7mACczoIUvlEQiMsX04fuizBiBLAA+W/5mPe17pbJYHA/rxZF5Y5m+M0Ng==}
    peerDependencies:
      react: ^16.8.0 || ^17.0.0-rc.1 || ^18.0.0 || ^19.0.0-rc.1
      react-dom: ^16.8.0 || ^17.0.0-rc.1 || ^18.0.0 || ^19.0.0-rc.1

  '@react-aria/interactions@3.24.1':
    resolution: {integrity: sha512-OWEcIC6UQfWq4Td5Ptuh4PZQ4LHLJr/JL2jGYvuNL6EgL3bWvzPrRYIF/R64YbfVxIC7FeZpPSkS07sZ93/NoA==}
    peerDependencies:
      react: ^16.8.0 || ^17.0.0-rc.1 || ^18.0.0 || ^19.0.0-rc.1
      react-dom: ^16.8.0 || ^17.0.0-rc.1 || ^18.0.0 || ^19.0.0-rc.1

  '@react-aria/label@3.7.16':
    resolution: {integrity: sha512-tPog3rc5pQ9s2/5bIBtmHtbj+Ebqs2yyJgJdFjZ1/HxrjF8HMrgtBPHCn/70YD5XvmuC3OSkua84kLjNX5rBbA==}
    peerDependencies:
      react: ^16.8.0 || ^17.0.0-rc.1 || ^18.0.0 || ^19.0.0-rc.1
      react-dom: ^16.8.0 || ^17.0.0-rc.1 || ^18.0.0 || ^19.0.0-rc.1

  '@react-aria/overlays@3.26.0':
    resolution: {integrity: sha512-Rr3yoyGwXzp446QK6CwnjJl9ZfH/Cq2o01XQmMjya2gmk5N4aefRORg7eRoVy5EVfecIH/HJVg0BKEjXQOp4nA==}
    peerDependencies:
      react: ^16.8.0 || ^17.0.0-rc.1 || ^18.0.0 || ^19.0.0-rc.1
      react-dom: ^16.8.0 || ^17.0.0-rc.1 || ^18.0.0 || ^19.0.0-rc.1

  '@react-aria/ssr@3.9.7':
    resolution: {integrity: sha512-GQygZaGlmYjmYM+tiNBA5C6acmiDWF52Nqd40bBp0Znk4M4hP+LTmI0lpI1BuKMw45T8RIhrAsICIfKwZvi2Gg==}
    engines: {node: '>= 12'}
    peerDependencies:
      react: ^16.8.0 || ^17.0.0-rc.1 || ^18.0.0 || ^19.0.0-rc.1

  '@react-aria/textfield@3.17.0':
    resolution: {integrity: sha512-asvbf0xC17qSQ51OojRELUtbTfVe42YE26KUZ/dtxkj+Ln20nj1F3UWXU3hDCn36hbj3vnJ2Zp8X6aGOfJP0qQ==}
    peerDependencies:
      react: ^16.8.0 || ^17.0.0-rc.1 || ^18.0.0 || ^19.0.0-rc.1
      react-dom: ^16.8.0 || ^17.0.0-rc.1 || ^18.0.0 || ^19.0.0-rc.1

  '@react-aria/toolbar@3.0.0-beta.13':
    resolution: {integrity: sha512-aj5lWdk/yp2Tmuuofu1rdkvhiYPCXihuPFbs+9HHz88kyezM7bkhmQRIf0w47tiPIKUA0UuwJucBjDZfl9EQFw==}
    peerDependencies:
      react: ^16.8.0 || ^17.0.0-rc.1 || ^18.0.0 || ^19.0.0-rc.1
      react-dom: ^16.8.0 || ^17.0.0-rc.1 || ^18.0.0 || ^19.0.0-rc.1

  '@react-aria/utils@3.28.0':
    resolution: {integrity: sha512-FfpvpADk61OvEnFe37k6jF1zr5gtafIPN9ccJRnPCTqrzuExag01mGi+wX/hWyFK0zAe1OjWf1zFOX3FsFvikg==}
    peerDependencies:
      react: ^16.8.0 || ^17.0.0-rc.1 || ^18.0.0 || ^19.0.0-rc.1
      react-dom: ^16.8.0 || ^17.0.0-rc.1 || ^18.0.0 || ^19.0.0-rc.1

  '@react-aria/utils@3.28.1':
    resolution: {integrity: sha512-mnHFF4YOVu9BRFQ1SZSKfPhg3z+lBRYoW5mLcYTQihbKhz48+I1sqRkP7ahMITr8ANH3nb34YaMME4XWmK2Mgg==}
    peerDependencies:
      react: ^16.8.0 || ^17.0.0-rc.1 || ^18.0.0 || ^19.0.0-rc.1
      react-dom: ^16.8.0 || ^17.0.0-rc.1 || ^18.0.0 || ^19.0.0-rc.1

  '@react-aria/visually-hidden@3.8.21':
    resolution: {integrity: sha512-iii5qO+cVHrHiOeiBYCnTRUQG2eOgEPFmiMG4dAuby8+pJJ8U4BvffX2sDTYWL6ztLLBYyrsUHPSw1Ld03JhmA==}
    peerDependencies:
      react: ^16.8.0 || ^17.0.0-rc.1 || ^18.0.0 || ^19.0.0-rc.1
      react-dom: ^16.8.0 || ^17.0.0-rc.1 || ^18.0.0 || ^19.0.0-rc.1

  '@react-stately/flags@3.1.0':
    resolution: {integrity: sha512-KSHOCxTFpBtxhIRcKwsD1YDTaNxFtCYuAUb0KEihc16QwqZViq4hasgPBs2gYm7fHRbw7WYzWKf6ZSo/+YsFlg==}

  '@react-stately/form@3.1.2':
    resolution: {integrity: sha512-sKgkV+rxeqM1lf0dCq2wWzdYa5Z0wz/MB3yxjodffy8D43PjFvUOMWpgw/752QHPGCd1XIxA3hE58Dw9FFValg==}
    peerDependencies:
      react: ^16.8.0 || ^17.0.0-rc.1 || ^18.0.0 || ^19.0.0-rc.1

  '@react-stately/overlays@3.6.14':
    resolution: {integrity: sha512-RRalTuHdwrKO1BmXKaqBtE1GGUXU4VUAWwgh4lsP2EFSixDHmOVLxHFDWYvOPChBhpi8KXfLEgm6DEgPBvLBZQ==}
    peerDependencies:
      react: ^16.8.0 || ^17.0.0-rc.1 || ^18.0.0 || ^19.0.0-rc.1

  '@react-stately/toggle@3.8.2':
    resolution: {integrity: sha512-5KPpT6zvt8H+WC9UbubhCTZltREeYb/3hKdl4YkS7BbSOQlHTFC0pOk8SsQU70Pwk26jeVHbl5le/N8cw00x8w==}
    peerDependencies:
      react: ^16.8.0 || ^17.0.0-rc.1 || ^18.0.0 || ^19.0.0-rc.1

  '@react-stately/utils@3.10.5':
    resolution: {integrity: sha512-iMQSGcpaecghDIh3mZEpZfoFH3ExBwTtuBEcvZ2XnGzCgQjeYXcMdIUwAfVQLXFTdHUHGF6Gu6/dFrYsCzySBQ==}
    peerDependencies:
      react: ^16.8.0 || ^17.0.0-rc.1 || ^18.0.0 || ^19.0.0-rc.1

  '@react-types/button@3.11.0':
    resolution: {integrity: sha512-gJh5i0JiBiZGZGDo+tXMp6xbixPM7IKZ0sDuxTYBG49qNzzWJq0uNYltO3emwSVXFSsBgRV/Wu8kQGhfuN7wIw==}
    peerDependencies:
      react: ^16.8.0 || ^17.0.0-rc.1 || ^18.0.0 || ^19.0.0-rc.1

  '@react-types/calendar@3.6.1':
    resolution: {integrity: sha512-EMbFJX/3gD5j+R0qZEGqK+wlhBxMSHhGP8GqP9XGbpuJPE3w9/M/PVWdh8FUdzf9srYxPOq5NgiGI1JUJvdZqw==}
    peerDependencies:
      react: ^16.8.0 || ^17.0.0-rc.1 || ^18.0.0 || ^19.0.0-rc.1

  '@react-types/checkbox@3.9.2':
    resolution: {integrity: sha512-BruOLjr9s0BS2+G1Q2ZZ0ubnSTG54hZWr59lCHXaLxMdA/+KVsR6JVMQuYKsW0P8RDDlQXE/QGz3n9yB/Ara4A==}
    peerDependencies:
      react: ^16.8.0 || ^17.0.0-rc.1 || ^18.0.0 || ^19.0.0-rc.1

  '@react-types/datepicker@3.11.0':
    resolution: {integrity: sha512-GAYgPzqKvd1lR2sLYYMlUkNg2+QoM2uVUmpeQLP1SbYpDr1y8lG5cR54em1G4X/qY4+nCWGiwhRC2veP0D0kfA==}
    peerDependencies:
      react: ^16.8.0 || ^17.0.0-rc.1 || ^18.0.0 || ^19.0.0-rc.1

  '@react-types/form@3.7.10':
    resolution: {integrity: sha512-PPn1OH/QlQLPaoFqp9EMVSlNk41aiNLwPaMyRhzYvFBGLmtbuX+7JCcH2DgV1peq3KAuUKRDdI2M1iVdHYwMPw==}
    peerDependencies:
      react: ^16.8.0 || ^17.0.0-rc.1 || ^18.0.0 || ^19.0.0-rc.1

  '@react-types/overlays@3.8.13':
    resolution: {integrity: sha512-xgT843KIh1otvYPQ6kCGTVUICiMF5UQ7SZUQZd4Zk3VtiFIunFVUvTvL03cpt0026UmY7tbv7vFrPKcT6xjsjw==}
    peerDependencies:
      react: ^16.8.0 || ^17.0.0-rc.1 || ^18.0.0 || ^19.0.0-rc.1

  '@react-types/shared@3.28.0':
    resolution: {integrity: sha512-9oMEYIDc3sk0G5rysnYvdNrkSg7B04yTKl50HHSZVbokeHpnU0yRmsDaWb9B/5RprcKj8XszEk5guBO8Sa/Q+Q==}
    peerDependencies:
      react: ^16.8.0 || ^17.0.0-rc.1 || ^18.0.0 || ^19.0.0-rc.1

  '@react-types/textfield@3.12.0':
    resolution: {integrity: sha512-B0vzCIBUbYWrlFk+odVXrSmPYwds9G+G+HiOO/sJr4eZ4RYiIqnFbZ7qiWhWXaou7vi71iXVqKQ8mxA6bJwPEQ==}
    peerDependencies:
      react: ^16.8.0 || ^17.0.0-rc.1 || ^18.0.0 || ^19.0.0-rc.1

  '@swc/helpers@0.5.15':
    resolution: {integrity: sha512-JQ5TuMi45Owi4/BIMAJBoSQoOJu12oOk/gADqlcUL9JEdHB8vyjUSsxqeNXnmXHjYKMi2WcYtezGEEhqUI/E2g==}

  clsx@1.2.1:
    resolution: {integrity: sha512-EcR6r5a8bj6pu3ycsa/E/cKVGuTgZJZdsyUYHOksG/UHIiKfjxzRxYJpyVBwYaQeOvghal9fcc4PidlgzugAQg==}
    engines: {node: '>=6'}

  clsx@2.1.1:
    resolution: {integrity: sha512-eYm0QWBtUrBWZWG0d386OGAw16Z995PiOVo2B7bjWSbHedGl5e0ZWaq65kOGgUSNesEIDkB9ISbTg/JK9dhCZA==}
    engines: {node: '>=6'}

  color-convert@2.0.1:
    resolution: {integrity: sha512-RRECPsj7iu/xb5oKYcsFHSppFNnsj/52OVTRKb4zP5onXwVF3zVmmToNcOfGC+CRDpfK/U584fMg38ZHCaElKQ==}
    engines: {node: '>=7.0.0'}

  color-name@1.1.4:
    resolution: {integrity: sha512-dOy+3AuW3a2wNbZHIuMZpTcgjGuLU/uBL/ubcZF9OXbDo8ff4O8yVp5Bf0efS8uEoYo5q4Fx7dY9OgQGXgAsQA==}

  color-string@1.9.1:
    resolution: {integrity: sha512-shrVawQFojnZv6xM40anx4CkoDP+fZsw/ZerEMsW/pyzsRbElpsL/DBVW7q3ExxwusdNXI3lXpuhEZkzs8p5Eg==}

  color2k@2.0.3:
    resolution: {integrity: sha512-zW190nQTIoXcGCaU08DvVNFTmQhUpnJfVuAKfWqUQkflXKpaDdpaYoM0iluLS9lgJNHyBF58KKA2FBEwkD7wog==}

  color@4.2.3:
    resolution: {integrity: sha512-1rXeuUUiGGrykh+CeBdu5Ie7OJwinCgQY0bc7GCRxy5xVHy+moaqkpL/jqQq0MtQOeYcrqEz4abc5f0KtU7W4A==}
    engines: {node: '>=12.5.0'}

  decimal.js@10.5.0:
    resolution: {integrity: sha512-8vDa8Qxvr/+d94hSh5P3IJwI5t8/c0KsMp+g8bNw9cY2icONa5aPfvKeieW1WlG0WQYwwhJ7mjui2xtiePQSXw==}

  deepmerge@4.3.1:
    resolution: {integrity: sha512-3sUqbMEc77XqpdNO7FRyRog+eW3ph+GYCbj+rK+uYyRMuwsVy0rMiVtPn+QJlKFvWP/1PYpapqYn0Me2knFn+A==}
    engines: {node: '>=0.10.0'}

  flat@5.0.2:
    resolution: {integrity: sha512-b6suED+5/3rTpUBdG1gupIl8MPFCAMA0QXwmljLhvCUKcUvdE4gWky9zpuGCcXHOsz4J9wPGNWq6OKpmIzz3hQ==}
    hasBin: true

  framer-motion@12.6.2:
    resolution: {integrity: sha512-7LgPRlPs5aG8UxeZiMCMZz8firC53+2+9TnWV22tuSi38D3IFRxHRUqOREKckAkt6ztX+Dn6weLcatQilJTMcg==}
    peerDependencies:
      '@emotion/is-prop-valid': '*'
      react: ^18.0.0 || ^19.0.0
      react-dom: ^18.0.0 || ^19.0.0
    peerDependenciesMeta:
      '@emotion/is-prop-valid':
        optional: true
      react:
        optional: true
      react-dom:
        optional: true

  intl-messageformat@10.7.16:
    resolution: {integrity: sha512-UmdmHUmp5CIKKjSoE10la5yfU+AYJAaiYLsodbjL4lji83JNvgOQUjGaGhGrpFCb0Uh7sl7qfP1IyILa8Z40ug==}

  is-arrayish@0.3.2:
    resolution: {integrity: sha512-eVRqCvVlZbuw3GrM63ovNSNAeA1K16kaR/LRY/92w0zxQ5/1YzwblUX652i4Xs9RwAGjW9d9y6X88t8OaAJfWQ==}

  motion-dom@12.6.1:
    resolution: {integrity: sha512-8XVsriTUEVOepoIDgE/LDGdg7qaKXWdt+wQA/8z0p8YzJDLYL8gbimZ3YkCLlj7bB2i/4UBD/g+VO7y9ZY0zHQ==}

  motion-utils@12.5.0:
    resolution: {integrity: sha512-+hFFzvimn0sBMP9iPxBa9OtRX35ZQ3py0UHnb8U29VD+d8lQ8zH3dTygJWqK7av2v6yhg7scj9iZuvTS0f4+SA==}

  react-dom@19.1.0:
    resolution: {integrity: sha512-Xs1hdnE+DyKgeHJeJznQmYMIBG3TKIHJJT95Q58nHLSrElKlGQqDTR2HQ9fx5CN/Gk6Vh/kupBTDLU11/nDk/g==}
    peerDependencies:
      react: ^19.1.0

  react-textarea-autosize@8.5.8:
    resolution: {integrity: sha512-iUiIj70JefrTuSJ4LbVFiSqWiHHss5L63L717bqaWHMgkm9sz6eEvro4vZ3uQfGJbevzwT6rHOszHKA8RkhRMg==}
    engines: {node: '>=10'}
    peerDependencies:
      react: ^16.8.0 || ^17.0.0 || ^18.0.0 || ^19.0.0

  react@19.1.0:
    resolution: {integrity: sha512-FS+XFBNvn3GTAWq26joslQgWNoFu08F4kl0J4CgdNKADkdSGXQyTCnKteIAJy96Br6YbpEU1LSzV5dYtjMkMDg==}
    engines: {node: '>=0.10.0'}

  regenerator-runtime@0.14.1:
    resolution: {integrity: sha512-dYnhHh0nJoMfnkZs6GmmhFknAGRrLznOu5nc9ML+EJxGvrx6H7teuevqVqCuPcPK//3eDrrjQhehXVx9cnkGdw==}

  scheduler@0.26.0:
    resolution: {integrity: sha512-NlHwttCI/l5gCPR3D1nNXtWABUmBwvZpEQiD4IXSbIDq8BzLIK/7Ir5gTFSGZDUu37K5cMNp0hFtzO38sC7gWA==}

  simple-swizzle@0.2.2:
    resolution: {integrity: sha512-JA//kQgZtbuY83m+xT+tXJkmJncGMTFT+C+g2h2R9uxkYIrE2yy9sgmcLhCnw57/WSD+Eh3J97FPEDFnbXnDUg==}

  tailwind-merge@2.5.4:
    resolution: {integrity: sha512-0q8cfZHMu9nuYP/b5Shb7Y7Sh1B7Nnl5GqNr1U+n2p6+mybvRtayrQ+0042Z5byvTA8ihjlP8Odo8/VnHbZu4Q==}

  tailwind-variants@0.3.0:
    resolution: {integrity: sha512-ho2k5kn+LB1fT5XdNS3Clb96zieWxbStE9wNLK7D0AV64kdZMaYzAKo0fWl6fXLPY99ffF9oBJnIj5escEl/8A==}
    engines: {node: '>=16.x', pnpm: '>=7.x'}
    peerDependencies:
      tailwindcss: '*'

  tailwindcss@4.0.17:
    resolution: {integrity: sha512-OErSiGzRa6rLiOvaipsDZvLMSpsBZ4ysB4f0VKGXUrjw2jfkJRd6kjRKV2+ZmTCNvwtvgdDam5D7w6WXsdLJZw==}

  tslib@2.8.1:
    resolution: {integrity: sha512-oJFu94HQb+KVduSUQL7wnpmqnfmLsOA/nAh6b6EH0wCEoK0/mPeXU6c3wKDV83MkOuHPRHtSXKKU99IBazS/2w==}

  use-composed-ref@1.4.0:
    resolution: {integrity: sha512-djviaxuOOh7wkj0paeO1Q/4wMZ8Zrnag5H6yBvzN7AKKe8beOaED9SF5/ByLqsku8NP4zQqsvM2u3ew/tJK8/w==}
    peerDependencies:
      '@types/react': '*'
      react: ^16.8.0 || ^17.0.0 || ^18.0.0 || ^19.0.0
    peerDependenciesMeta:
      '@types/react':
        optional: true

  use-isomorphic-layout-effect@1.2.0:
    resolution: {integrity: sha512-q6ayo8DWoPZT0VdG4u3D3uxcgONP3Mevx2i2b0434cwWBoL+aelL1DzkXI6w3PhTZzUeR2kaVlZn70iCiseP6w==}
    peerDependencies:
      '@types/react': '*'
      react: ^16.8.0 || ^17.0.0 || ^18.0.0 || ^19.0.0
    peerDependenciesMeta:
      '@types/react':
        optional: true

  use-latest@1.3.0:
    resolution: {integrity: sha512-mhg3xdm9NaM8q+gLT8KryJPnRFOz1/5XPBhmDEVZK1webPzDjrPk7f/mbpeLqTgB9msytYWANxgALOCJKnLvcQ==}
    peerDependencies:
      '@types/react': '*'
      react: ^16.8.0 || ^17.0.0 || ^18.0.0 || ^19.0.0
    peerDependenciesMeta:
      '@types/react':
        optional: true

snapshots:

  '@babel/runtime@7.27.0':
    dependencies:
      regenerator-runtime: 0.14.1

  '@formatjs/ecma402-abstract@2.3.4':
    dependencies:
      '@formatjs/fast-memoize': 2.2.7
      '@formatjs/intl-localematcher': 0.6.1
      decimal.js: 10.5.0
      tslib: 2.8.1

  '@formatjs/fast-memoize@2.2.7':
    dependencies:
      tslib: 2.8.1

  '@formatjs/icu-messageformat-parser@2.11.2':
    dependencies:
      '@formatjs/ecma402-abstract': 2.3.4
      '@formatjs/icu-skeleton-parser': 1.8.14
      tslib: 2.8.1

  '@formatjs/icu-skeleton-parser@1.8.14':
    dependencies:
      '@formatjs/ecma402-abstract': 2.3.4
      tslib: 2.8.1

  '@formatjs/intl-localematcher@0.6.1':
    dependencies:
      tslib: 2.8.1

  '@heroui/card@2.2.15(@heroui/system@2.4.12(@heroui/theme@2.4.12(tailwindcss@4.0.17))(framer-motion@12.6.2(react-dom@19.1.0(react@19.1.0))(react@19.1.0))(react-dom@19.1.0(react@19.1.0))(react@19.1.0))(@heroui/theme@2.4.12(tailwindcss@4.0.17))(framer-motion@12.6.2(react-dom@19.1.0(react@19.1.0))(react@19.1.0))(react-dom@19.1.0(react@19.1.0))(react@19.1.0)':
    dependencies:
      '@heroui/react-utils': 2.1.8(react@19.1.0)
      '@heroui/ripple': 2.2.12(@heroui/system@2.4.12(@heroui/theme@2.4.12(tailwindcss@4.0.17))(framer-motion@12.6.2(react-dom@19.1.0(react@19.1.0))(react@19.1.0))(react-dom@19.1.0(react@19.1.0))(react@19.1.0))(@heroui/theme@2.4.12(tailwindcss@4.0.17))(framer-motion@12.6.2(react-dom@19.1.0(react@19.1.0))(react@19.1.0))(react-dom@19.1.0(react@19.1.0))(react@19.1.0)
      '@heroui/shared-utils': 2.1.7
      '@heroui/system': 2.4.12(@heroui/theme@2.4.12(tailwindcss@4.0.17))(framer-motion@12.6.2(react-dom@19.1.0(react@19.1.0))(react@19.1.0))(react-dom@19.1.0(react@19.1.0))(react@19.1.0)
      '@heroui/theme': 2.4.12(tailwindcss@4.0.17)
      '@heroui/use-aria-button': 2.2.10(react-dom@19.1.0(react@19.1.0))(react@19.1.0)
      '@react-aria/button': 3.12.0(react-dom@19.1.0(react@19.1.0))(react@19.1.0)
      '@react-aria/focus': 3.20.0(react-dom@19.1.0(react@19.1.0))(react@19.1.0)
      '@react-aria/interactions': 3.24.0(react-dom@19.1.0(react@19.1.0))(react@19.1.0)
      '@react-aria/utils': 3.28.0(react-dom@19.1.0(react@19.1.0))(react@19.1.0)
      '@react-types/shared': 3.28.0(react@19.1.0)
      framer-motion: 12.6.2(react-dom@19.1.0(react@19.1.0))(react@19.1.0)
      react: 19.1.0
      react-dom: 19.1.0(react@19.1.0)

  '@heroui/dom-animation@2.1.6(framer-motion@12.6.2(react-dom@19.1.0(react@19.1.0))(react@19.1.0))':
    dependencies:
      framer-motion: 12.6.2(react-dom@19.1.0(react@19.1.0))(react@19.1.0)

  '@heroui/form@2.1.15(@heroui/system@2.4.12(@heroui/theme@2.4.12(tailwindcss@4.0.17))(framer-motion@12.6.2(react-dom@19.1.0(react@19.1.0))(react@19.1.0))(react-dom@19.1.0(react@19.1.0))(react@19.1.0))(@heroui/theme@2.4.12(tailwindcss@4.0.17))(react-dom@19.1.0(react@19.1.0))(react@19.1.0)':
    dependencies:
      '@heroui/react-utils': 2.1.8(react@19.1.0)
      '@heroui/shared-utils': 2.1.7
      '@heroui/system': 2.4.12(@heroui/theme@2.4.12(tailwindcss@4.0.17))(framer-motion@12.6.2(react-dom@19.1.0(react@19.1.0))(react@19.1.0))(react-dom@19.1.0(react@19.1.0))(react@19.1.0)
      '@heroui/theme': 2.4.12(tailwindcss@4.0.17)
      '@react-aria/utils': 3.28.0(react-dom@19.1.0(react@19.1.0))(react@19.1.0)
      '@react-stately/form': 3.1.2(react@19.1.0)
      '@react-types/form': 3.7.10(react@19.1.0)
      '@react-types/shared': 3.28.0(react@19.1.0)
      react: 19.1.0
      react-dom: 19.1.0(react@19.1.0)

  '@heroui/input@2.4.16(@heroui/system@2.4.12(@heroui/theme@2.4.12(tailwindcss@4.0.17))(framer-motion@12.6.2(react-dom@19.1.0(react@19.1.0))(react@19.1.0))(react-dom@19.1.0(react@19.1.0))(react@19.1.0))(@heroui/theme@2.4.12(tailwindcss@4.0.17))(react-dom@19.1.0(react@19.1.0))(react@19.1.0)':
    dependencies:
      '@heroui/form': 2.1.15(@heroui/system@2.4.12(@heroui/theme@2.4.12(tailwindcss@4.0.17))(framer-motion@12.6.2(react-dom@19.1.0(react@19.1.0))(react@19.1.0))(react-dom@19.1.0(react@19.1.0))(react@19.1.0))(@heroui/theme@2.4.12(tailwindcss@4.0.17))(react-dom@19.1.0(react@19.1.0))(react@19.1.0)
      '@heroui/react-utils': 2.1.8(react@19.1.0)
      '@heroui/shared-icons': 2.1.6(react@19.1.0)
      '@heroui/shared-utils': 2.1.7
      '@heroui/system': 2.4.12(@heroui/theme@2.4.12(tailwindcss@4.0.17))(framer-motion@12.6.2(react-dom@19.1.0(react@19.1.0))(react@19.1.0))(react-dom@19.1.0(react@19.1.0))(react@19.1.0)
      '@heroui/theme': 2.4.12(tailwindcss@4.0.17)
      '@heroui/use-safe-layout-effect': 2.1.6(react@19.1.0)
      '@react-aria/focus': 3.20.0(react-dom@19.1.0(react@19.1.0))(react@19.1.0)
      '@react-aria/interactions': 3.24.0(react-dom@19.1.0(react@19.1.0))(react@19.1.0)
      '@react-aria/textfield': 3.17.0(react-dom@19.1.0(react@19.1.0))(react@19.1.0)
      '@react-aria/utils': 3.28.0(react-dom@19.1.0(react@19.1.0))(react@19.1.0)
      '@react-stately/utils': 3.10.5(react@19.1.0)
      '@react-types/shared': 3.28.0(react@19.1.0)
      '@react-types/textfield': 3.12.0(react@19.1.0)
      react: 19.1.0
      react-dom: 19.1.0(react@19.1.0)
      react-textarea-autosize: 8.5.8(react@19.1.0)
    transitivePeerDependencies:
      - '@types/react'

  '@heroui/react-rsc-utils@2.1.6(react@19.1.0)':
    dependencies:
      react: 19.1.0

  '@heroui/react-utils@2.1.8(react@19.1.0)':
    dependencies:
      '@heroui/react-rsc-utils': 2.1.6(react@19.1.0)
      '@heroui/shared-utils': 2.1.7
      react: 19.1.0

  '@heroui/ripple@2.2.12(@heroui/system@2.4.12(@heroui/theme@2.4.12(tailwindcss@4.0.17))(framer-motion@12.6.2(react-dom@19.1.0(react@19.1.0))(react@19.1.0))(react-dom@19.1.0(react@19.1.0))(react@19.1.0))(@heroui/theme@2.4.12(tailwindcss@4.0.17))(framer-motion@12.6.2(react-dom@19.1.0(react@19.1.0))(react@19.1.0))(react-dom@19.1.0(react@19.1.0))(react@19.1.0)':
    dependencies:
      '@heroui/dom-animation': 2.1.6(framer-motion@12.6.2(react-dom@19.1.0(react@19.1.0))(react@19.1.0))
      '@heroui/react-utils': 2.1.8(react@19.1.0)
      '@heroui/shared-utils': 2.1.7
      '@heroui/system': 2.4.12(@heroui/theme@2.4.12(tailwindcss@4.0.17))(framer-motion@12.6.2(react-dom@19.1.0(react@19.1.0))(react@19.1.0))(react-dom@19.1.0(react@19.1.0))(react@19.1.0)
      '@heroui/theme': 2.4.12(tailwindcss@4.0.17)
      framer-motion: 12.6.2(react-dom@19.1.0(react@19.1.0))(react@19.1.0)
      react: 19.1.0
      react-dom: 19.1.0(react@19.1.0)

  '@heroui/shared-icons@2.1.6(react@19.1.0)':
    dependencies:
      react: 19.1.0

  '@heroui/shared-utils@2.1.7': {}

  '@heroui/system-rsc@2.3.11(@heroui/theme@2.4.12(tailwindcss@4.0.17))(react@19.1.0)':
    dependencies:
      '@heroui/theme': 2.4.12(tailwindcss@4.0.17)
      '@react-types/shared': 3.28.0(react@19.1.0)
      clsx: 1.2.1
      react: 19.1.0

  '@heroui/system@2.4.12(@heroui/theme@2.4.12(tailwindcss@4.0.17))(framer-motion@12.6.2(react-dom@19.1.0(react@19.1.0))(react@19.1.0))(react-dom@19.1.0(react@19.1.0))(react@19.1.0)':
    dependencies:
      '@heroui/react-utils': 2.1.8(react@19.1.0)
      '@heroui/system-rsc': 2.3.11(@heroui/theme@2.4.12(tailwindcss@4.0.17))(react@19.1.0)
      '@internationalized/date': 3.7.0
      '@react-aria/i18n': 3.12.6(react-dom@19.1.0(react@19.1.0))(react@19.1.0)
      '@react-aria/overlays': 3.26.0(react-dom@19.1.0(react@19.1.0))(react@19.1.0)
      '@react-aria/utils': 3.28.0(react-dom@19.1.0(react@19.1.0))(react@19.1.0)
      '@react-stately/utils': 3.10.5(react@19.1.0)
      '@react-types/datepicker': 3.11.0(react@19.1.0)
      framer-motion: 12.6.2(react-dom@19.1.0(react@19.1.0))(react@19.1.0)
      react: 19.1.0
      react-dom: 19.1.0(react@19.1.0)
    transitivePeerDependencies:
      - '@heroui/theme'

  '@heroui/theme@2.4.12(tailwindcss@4.0.17)':
    dependencies:
      '@heroui/shared-utils': 2.1.7
      clsx: 1.2.1
      color: 4.2.3
      color2k: 2.0.3
      deepmerge: 4.3.1
      flat: 5.0.2
      tailwind-merge: 2.5.4
      tailwind-variants: 0.3.0(tailwindcss@4.0.17)
      tailwindcss: 4.0.17

  '@heroui/use-aria-button@2.2.10(react-dom@19.1.0(react@19.1.0))(react@19.1.0)':
    dependencies:
      '@heroui/shared-utils': 2.1.7
      '@react-aria/focus': 3.20.0(react-dom@19.1.0(react@19.1.0))(react@19.1.0)
      '@react-aria/interactions': 3.24.0(react-dom@19.1.0(react@19.1.0))(react@19.1.0)
      '@react-aria/utils': 3.28.0(react-dom@19.1.0(react@19.1.0))(react@19.1.0)
      '@react-types/button': 3.11.0(react@19.1.0)
      '@react-types/shared': 3.28.0(react@19.1.0)
      react: 19.1.0
    transitivePeerDependencies:
      - react-dom

  '@heroui/use-safe-layout-effect@2.1.6(react@19.1.0)':
    dependencies:
      react: 19.1.0

  '@internationalized/date@3.7.0':
    dependencies:
      '@swc/helpers': 0.5.15

  '@internationalized/message@3.1.6':
    dependencies:
      '@swc/helpers': 0.5.15
      intl-messageformat: 10.7.16

  '@internationalized/number@3.6.0':
    dependencies:
      '@swc/helpers': 0.5.15

  '@internationalized/string@3.2.5':
    dependencies:
      '@swc/helpers': 0.5.15

  '@react-aria/button@3.12.0(react-dom@19.1.0(react@19.1.0))(react@19.1.0)':
    dependencies:
      '@react-aria/interactions': 3.24.0(react-dom@19.1.0(react@19.1.0))(react@19.1.0)
      '@react-aria/toolbar': 3.0.0-beta.13(react-dom@19.1.0(react@19.1.0))(react@19.1.0)
      '@react-aria/utils': 3.28.0(react-dom@19.1.0(react@19.1.0))(react@19.1.0)
      '@react-stately/toggle': 3.8.2(react@19.1.0)
      '@react-types/button': 3.11.0(react@19.1.0)
      '@react-types/shared': 3.28.0(react@19.1.0)
      '@swc/helpers': 0.5.15
      react: 19.1.0
      react-dom: 19.1.0(react@19.1.0)

  '@react-aria/focus@3.20.0(react-dom@19.1.0(react@19.1.0))(react@19.1.0)':
    dependencies:
      '@react-aria/interactions': 3.24.1(react-dom@19.1.0(react@19.1.0))(react@19.1.0)
      '@react-aria/utils': 3.28.1(react-dom@19.1.0(react@19.1.0))(react@19.1.0)
      '@react-types/shared': 3.28.0(react@19.1.0)
      '@swc/helpers': 0.5.15
      clsx: 2.1.1
      react: 19.1.0
      react-dom: 19.1.0(react@19.1.0)

  '@react-aria/focus@3.20.1(react-dom@19.1.0(react@19.1.0))(react@19.1.0)':
    dependencies:
      '@react-aria/interactions': 3.24.1(react-dom@19.1.0(react@19.1.0))(react@19.1.0)
      '@react-aria/utils': 3.28.1(react-dom@19.1.0(react@19.1.0))(react@19.1.0)
      '@react-types/shared': 3.28.0(react@19.1.0)
      '@swc/helpers': 0.5.15
      clsx: 2.1.1
      react: 19.1.0
      react-dom: 19.1.0(react@19.1.0)

  '@react-aria/form@3.0.14(react-dom@19.1.0(react@19.1.0))(react@19.1.0)':
    dependencies:
      '@react-aria/interactions': 3.24.1(react-dom@19.1.0(react@19.1.0))(react@19.1.0)
      '@react-aria/utils': 3.28.1(react-dom@19.1.0(react@19.1.0))(react@19.1.0)
      '@react-stately/form': 3.1.2(react@19.1.0)
      '@react-types/shared': 3.28.0(react@19.1.0)
      '@swc/helpers': 0.5.15
      react: 19.1.0
      react-dom: 19.1.0(react@19.1.0)

  '@react-aria/i18n@3.12.6(react-dom@19.1.0(react@19.1.0))(react@19.1.0)':
    dependencies:
      '@internationalized/date': 3.7.0
      '@internationalized/message': 3.1.6
      '@internationalized/number': 3.6.0
      '@internationalized/string': 3.2.5
      '@react-aria/ssr': 3.9.7(react@19.1.0)
      '@react-aria/utils': 3.28.1(react-dom@19.1.0(react@19.1.0))(react@19.1.0)
      '@react-types/shared': 3.28.0(react@19.1.0)
      '@swc/helpers': 0.5.15
      react: 19.1.0
      react-dom: 19.1.0(react@19.1.0)

  '@react-aria/i18n@3.12.7(react-dom@19.1.0(react@19.1.0))(react@19.1.0)':
    dependencies:
      '@internationalized/date': 3.7.0
      '@internationalized/message': 3.1.6
      '@internationalized/number': 3.6.0
      '@internationalized/string': 3.2.5
      '@react-aria/ssr': 3.9.7(react@19.1.0)
      '@react-aria/utils': 3.28.1(react-dom@19.1.0(react@19.1.0))(react@19.1.0)
      '@react-types/shared': 3.28.0(react@19.1.0)
      '@swc/helpers': 0.5.15
      react: 19.1.0
      react-dom: 19.1.0(react@19.1.0)

  '@react-aria/interactions@3.24.0(react-dom@19.1.0(react@19.1.0))(react@19.1.0)':
    dependencies:
      '@react-aria/ssr': 3.9.7(react@19.1.0)
      '@react-aria/utils': 3.28.1(react-dom@19.1.0(react@19.1.0))(react@19.1.0)
      '@react-stately/flags': 3.1.0
      '@react-types/shared': 3.28.0(react@19.1.0)
      '@swc/helpers': 0.5.15
      react: 19.1.0
      react-dom: 19.1.0(react@19.1.0)

  '@react-aria/interactions@3.24.1(react-dom@19.1.0(react@19.1.0))(react@19.1.0)':
    dependencies:
      '@react-aria/ssr': 3.9.7(react@19.1.0)
      '@react-aria/utils': 3.28.1(react-dom@19.1.0(react@19.1.0))(react@19.1.0)
      '@react-stately/flags': 3.1.0
      '@react-types/shared': 3.28.0(react@19.1.0)
      '@swc/helpers': 0.5.15
      react: 19.1.0
      react-dom: 19.1.0(react@19.1.0)

  '@react-aria/label@3.7.16(react-dom@19.1.0(react@19.1.0))(react@19.1.0)':
    dependencies:
      '@react-aria/utils': 3.28.1(react-dom@19.1.0(react@19.1.0))(react@19.1.0)
      '@react-types/shared': 3.28.0(react@19.1.0)
      '@swc/helpers': 0.5.15
      react: 19.1.0
      react-dom: 19.1.0(react@19.1.0)

  '@react-aria/overlays@3.26.0(react-dom@19.1.0(react@19.1.0))(react@19.1.0)':
    dependencies:
      '@react-aria/focus': 3.20.1(react-dom@19.1.0(react@19.1.0))(react@19.1.0)
      '@react-aria/i18n': 3.12.7(react-dom@19.1.0(react@19.1.0))(react@19.1.0)
      '@react-aria/interactions': 3.24.1(react-dom@19.1.0(react@19.1.0))(react@19.1.0)
      '@react-aria/ssr': 3.9.7(react@19.1.0)
      '@react-aria/utils': 3.28.1(react-dom@19.1.0(react@19.1.0))(react@19.1.0)
      '@react-aria/visually-hidden': 3.8.21(react-dom@19.1.0(react@19.1.0))(react@19.1.0)
      '@react-stately/overlays': 3.6.14(react@19.1.0)
      '@react-types/button': 3.11.0(react@19.1.0)
      '@react-types/overlays': 3.8.13(react@19.1.0)
      '@react-types/shared': 3.28.0(react@19.1.0)
      '@swc/helpers': 0.5.15
      react: 19.1.0
      react-dom: 19.1.0(react@19.1.0)

  '@react-aria/ssr@3.9.7(react@19.1.0)':
    dependencies:
      '@swc/helpers': 0.5.15
      react: 19.1.0

  '@react-aria/textfield@3.17.0(react-dom@19.1.0(react@19.1.0))(react@19.1.0)':
    dependencies:
      '@react-aria/form': 3.0.14(react-dom@19.1.0(react@19.1.0))(react@19.1.0)
      '@react-aria/interactions': 3.24.1(react-dom@19.1.0(react@19.1.0))(react@19.1.0)
      '@react-aria/label': 3.7.16(react-dom@19.1.0(react@19.1.0))(react@19.1.0)
      '@react-aria/utils': 3.28.1(react-dom@19.1.0(react@19.1.0))(react@19.1.0)
      '@react-stately/form': 3.1.2(react@19.1.0)
      '@react-stately/utils': 3.10.5(react@19.1.0)
      '@react-types/shared': 3.28.0(react@19.1.0)
      '@react-types/textfield': 3.12.0(react@19.1.0)
      '@swc/helpers': 0.5.15
      react: 19.1.0
      react-dom: 19.1.0(react@19.1.0)

  '@react-aria/toolbar@3.0.0-beta.13(react-dom@19.1.0(react@19.1.0))(react@19.1.0)':
    dependencies:
      '@react-aria/focus': 3.20.1(react-dom@19.1.0(react@19.1.0))(react@19.1.0)
      '@react-aria/i18n': 3.12.7(react-dom@19.1.0(react@19.1.0))(react@19.1.0)
      '@react-aria/utils': 3.28.1(react-dom@19.1.0(react@19.1.0))(react@19.1.0)
      '@react-types/shared': 3.28.0(react@19.1.0)
      '@swc/helpers': 0.5.15
      react: 19.1.0
      react-dom: 19.1.0(react@19.1.0)

  '@react-aria/utils@3.28.0(react-dom@19.1.0(react@19.1.0))(react@19.1.0)':
    dependencies:
      '@react-aria/ssr': 3.9.7(react@19.1.0)
      '@react-stately/flags': 3.1.0
      '@react-stately/utils': 3.10.5(react@19.1.0)
      '@react-types/shared': 3.28.0(react@19.1.0)
      '@swc/helpers': 0.5.15
      clsx: 2.1.1
      react: 19.1.0
      react-dom: 19.1.0(react@19.1.0)

  '@react-aria/utils@3.28.1(react-dom@19.1.0(react@19.1.0))(react@19.1.0)':
    dependencies:
      '@react-aria/ssr': 3.9.7(react@19.1.0)
      '@react-stately/flags': 3.1.0
      '@react-stately/utils': 3.10.5(react@19.1.0)
      '@react-types/shared': 3.28.0(react@19.1.0)
      '@swc/helpers': 0.5.15
      clsx: 2.1.1
      react: 19.1.0
      react-dom: 19.1.0(react@19.1.0)

  '@react-aria/visually-hidden@3.8.21(react-dom@19.1.0(react@19.1.0))(react@19.1.0)':
    dependencies:
      '@react-aria/interactions': 3.24.1(react-dom@19.1.0(react@19.1.0))(react@19.1.0)
      '@react-aria/utils': 3.28.1(react-dom@19.1.0(react@19.1.0))(react@19.1.0)
      '@react-types/shared': 3.28.0(react@19.1.0)
      '@swc/helpers': 0.5.15
      react: 19.1.0
      react-dom: 19.1.0(react@19.1.0)

  '@react-stately/flags@3.1.0':
    dependencies:
      '@swc/helpers': 0.5.15

  '@react-stately/form@3.1.2(react@19.1.0)':
    dependencies:
      '@react-types/shared': 3.28.0(react@19.1.0)
      '@swc/helpers': 0.5.15
      react: 19.1.0

  '@react-stately/overlays@3.6.14(react@19.1.0)':
    dependencies:
      '@react-stately/utils': 3.10.5(react@19.1.0)
      '@react-types/overlays': 3.8.13(react@19.1.0)
      '@swc/helpers': 0.5.15
      react: 19.1.0

  '@react-stately/toggle@3.8.2(react@19.1.0)':
    dependencies:
      '@react-stately/utils': 3.10.5(react@19.1.0)
      '@react-types/checkbox': 3.9.2(react@19.1.0)
      '@react-types/shared': 3.28.0(react@19.1.0)
      '@swc/helpers': 0.5.15
      react: 19.1.0

  '@react-stately/utils@3.10.5(react@19.1.0)':
    dependencies:
      '@swc/helpers': 0.5.15
      react: 19.1.0

  '@react-types/button@3.11.0(react@19.1.0)':
    dependencies:
      '@react-types/shared': 3.28.0(react@19.1.0)
      react: 19.1.0

  '@react-types/calendar@3.6.1(react@19.1.0)':
    dependencies:
      '@internationalized/date': 3.7.0
      '@react-types/shared': 3.28.0(react@19.1.0)
      react: 19.1.0

  '@react-types/checkbox@3.9.2(react@19.1.0)':
    dependencies:
      '@react-types/shared': 3.28.0(react@19.1.0)
      react: 19.1.0

  '@react-types/datepicker@3.11.0(react@19.1.0)':
    dependencies:
      '@internationalized/date': 3.7.0
      '@react-types/calendar': 3.6.1(react@19.1.0)
      '@react-types/overlays': 3.8.13(react@19.1.0)
      '@react-types/shared': 3.28.0(react@19.1.0)
      react: 19.1.0

  '@react-types/form@3.7.10(react@19.1.0)':
    dependencies:
      '@react-types/shared': 3.28.0(react@19.1.0)
      react: 19.1.0

  '@react-types/overlays@3.8.13(react@19.1.0)':
    dependencies:
      '@react-types/shared': 3.28.0(react@19.1.0)
      react: 19.1.0

  '@react-types/shared@3.28.0(react@19.1.0)':
    dependencies:
      react: 19.1.0

  '@react-types/textfield@3.12.0(react@19.1.0)':
    dependencies:
      '@react-types/shared': 3.28.0(react@19.1.0)
      react: 19.1.0

  '@swc/helpers@0.5.15':
    dependencies:
      tslib: 2.8.1

  clsx@1.2.1: {}

  clsx@2.1.1: {}

  color-convert@2.0.1:
    dependencies:
      color-name: 1.1.4

  color-name@1.1.4: {}

  color-string@1.9.1:
    dependencies:
      color-name: 1.1.4
      simple-swizzle: 0.2.2

  color2k@2.0.3: {}

  color@4.2.3:
    dependencies:
      color-convert: 2.0.1
      color-string: 1.9.1

  decimal.js@10.5.0: {}

  deepmerge@4.3.1: {}

  flat@5.0.2: {}

  framer-motion@12.6.2(react-dom@19.1.0(react@19.1.0))(react@19.1.0):
    dependencies:
      motion-dom: 12.6.1
      motion-utils: 12.5.0
      tslib: 2.8.1
    optionalDependencies:
      react: 19.1.0
      react-dom: 19.1.0(react@19.1.0)

  intl-messageformat@10.7.16:
    dependencies:
      '@formatjs/ecma402-abstract': 2.3.4
      '@formatjs/fast-memoize': 2.2.7
      '@formatjs/icu-messageformat-parser': 2.11.2
      tslib: 2.8.1

  is-arrayish@0.3.2: {}

  motion-dom@12.6.1:
    dependencies:
      motion-utils: 12.5.0

  motion-utils@12.5.0: {}

  react-dom@19.1.0(react@19.1.0):
    dependencies:
      react: 19.1.0
      scheduler: 0.26.0

  react-textarea-autosize@8.5.8(react@19.1.0):
    dependencies:
      '@babel/runtime': 7.27.0
      react: 19.1.0
      use-composed-ref: 1.4.0(react@19.1.0)
      use-latest: 1.3.0(react@19.1.0)
    transitivePeerDependencies:
      - '@types/react'

  react@19.1.0: {}

  regenerator-runtime@0.14.1: {}

  scheduler@0.26.0: {}

  simple-swizzle@0.2.2:
    dependencies:
      is-arrayish: 0.3.2

  tailwind-merge@2.5.4: {}

  tailwind-variants@0.3.0(tailwindcss@4.0.17):
    dependencies:
      tailwind-merge: 2.5.4
      tailwindcss: 4.0.17

  tailwindcss@4.0.17: {}

  tslib@2.8.1: {}

  use-composed-ref@1.4.0(react@19.1.0):
    dependencies:
      react: 19.1.0

  use-isomorphic-layout-effect@1.2.0(react@19.1.0):
    dependencies:
      react: 19.1.0

  use-latest@1.3.0(react@19.1.0):
    dependencies:
      react: 19.1.0
      use-isomorphic-layout-effect: 1.2.0(react@19.1.0)
